
Microsoft Visual Studio Solution File, Format Version 12.00
# Visual Studio Version 16
VisualStudioVersion = 16.0.29806.167
MinimumVisualStudioVersion = 10.0.40219.1
Project("{8BC9CEB8-8B4A-11D0-8D11-00A0C91BC942}") = "retailItemSimple1", "retailItemSimple1\retailItemSimple1.vcxproj", "{DECAFF12-5BC7-4F96-ACAE-6619BEEB37B0}"
EndProject
Global
	GlobalSection(SolutionConfigurationPlatforms) = preSolution
		Debug|x64 = Debug|x64
		Debug|x86 = Debug|x86
		Release|x64 = Release|x64
		Release|x86 = Release|x86
	EndGlobalSection
	GlobalSection(ProjectConfigurationPlatforms) = postSolution
		{DECAFF12-5BC7-4F96-ACAE-6619BEEB37B0}.Debug|x64.ActiveCfg = Debug|x64
		{DECAFF12-5BC7-4F96-ACAE-6619BEEB37B0}.Debug|x64.Build.0 = Debug|x64
		{DECAFF12-5BC7-4F96-ACAE-6619BEEB37B0}.Debug|x86.ActiveCfg = Debug|Win32
		{DECAFF12-5BC7-4F96-ACAE-6619BEEB37B0}.Debug|x86.Build.0 = Debug|Win32
		{DECAFF12-5BC7-4F96-ACAE-6619BEEB37B0}.Release|x64.ActiveCfg = Release|x64
		{DECAFF12-5BC7-4F96-ACAE-6619BEEB37B0}.Release|x64.Build.0 = Release|x64
		{DECAFF12-5BC7-4F96-ACAE-6619BEEB37B0}.Release|x86.ActiveCfg = Release|Win32
		{DECAFF12-5BC7-4F96-ACAE-6619BEEB37B0}.Release|x86.Build.0 = Release|Win32
	EndGlobalSection
	GlobalSection(SolutionProperties) = preSolution
		HideSolutionNode = FALSE
	EndGlobalSection
	GlobalSection(ExtensibilityGlobals) = postSolution
		SolutionGuid = {FB84E576-C1F1-4E9C-8A56-DC98068FA531}
	EndGlobalSection
EndGlobal
